
Microsoft Visual Studio Solution File, Format Version 12.00
# Visual Studio Version 17
VisualStudioVersion = 17.2.32630.192
MinimumVisualStudioVersion = 10.0.40219.1
Project("{2150E333-8FDC-42A3-9474-1A3956D46DE8}") = "src", "src", "{F034E60A-D33E-4A17-8378-860846B94A6A}"
EndProject
Project("{2150E333-8FDC-42A3-9474-1A3956D46DE8}") = "tests", "tests", "{1DE5B4A6-36B6-4726-A401-B85EF6665B9F}"
EndProject
Project("{9A19103F-16F7-4668-BE54-9A1E7A4F7556}") = "MathBasics.ConsoleApp", "src\MathBasics.ConsoleApp\MathBasics.ConsoleApp.csproj", "{F8F19874-8BCD-4EA0-89BB-2683327C6DAE}"
EndProject
Global
	GlobalSection(SolutionConfigurationPlatforms) = preSolution
		Debug|Any CPU = Debug|Any CPU
		Release|Any CPU = Release|Any CPU
	EndGlobalSection
	GlobalSection(ProjectConfigurationPlatforms) = postSolution
		{F8F19874-8BCD-4EA0-89BB-2683327C6DAE}.Debug|Any CPU.ActiveCfg = Debug|Any CPU
		{F8F19874-8BCD-4EA0-89BB-2683327C6DAE}.Debug|Any CPU.Build.0 = Debug|Any CPU
		{F8F19874-8BCD-4EA0-89BB-2683327C6DAE}.Release|Any CPU.ActiveCfg = Release|Any CPU
		{F8F19874-8BCD-4EA0-89BB-2683327C6DAE}.Release|Any CPU.Build.0 = Release|Any CPU
	EndGlobalSection
	GlobalSection(SolutionProperties) = preSolution
		HideSolutionNode = FALSE
	EndGlobalSection
	GlobalSection(NestedProjects) = preSolution
		{F8F19874-8BCD-4EA0-89BB-2683327C6DAE} = {F034E60A-D33E-4A17-8378-860846B94A6A}
	EndGlobalSection
	GlobalSection(ExtensibilityGlobals) = postSolution
		SolutionGuid = {5DE4E11B-2435-4032-8CA9-FB6F3BD6D847}
	EndGlobalSection
EndGlobal
